
Microsoft Visual Studio Solution File, Format Version 12.00
Project("{2150E333-8FDC-42A3-9474-1A3956D46DE8}") = "Core", "Core", "{A271443F-43FD-42B9-B686-571E54A8A312}"
EndProject
Project("{2150E333-8FDC-42A3-9474-1A3956D46DE8}") = "Infrastructure", "Infrastructure", "{ED76084A-DA97-44CE-B5AC-6C7C8D511AA3}"
EndProject
Project("{2150E333-8FDC-42A3-9474-1A3956D46DE8}") = "Persistence", "Persistence", "{D7B67858-6A8E-455F-AD42-898EC6CEC195}"
EndProject
Project("{2150E333-8FDC-42A3-9474-1A3956D46DE8}") = "Shared", "Shared", "{3EF269D6-0BF1-4E7A-9523-3ECFDD29D986}"
EndProject
Project("{2150E333-8FDC-42A3-9474-1A3956D46DE8}") = "Tests", "Tests", "{1B318B3D-A492-412F-919E-E2AA59484C74}"
EndProject
Project("{2150E333-8FDC-42A3-9474-1A3956D46DE8}") = "Presentation", "Presentation", "{E650EDB8-BBB0-48C9-AA04-F437893D613F}"
EndProject
Project("{FAE04EC0-301F-11D3-BF4B-00C04F79EFBC}") = "AuthAPI.Shared", "AuthAPI.Shared\AuthAPI.Shared.csproj", "{6467E010-7771-4445-8784-A9364E5695FD}"
EndProject
Project("{FAE04EC0-301F-11D3-BF4B-00C04F79EFBC}") = "AuthAPI.Infrastructure", "AuthAPI.Infrastructure\AuthAPI.Infrastructure.csproj", "{A1F5B080-B5F2-49C9-AFFD-BCCFF85A43DF}"
EndProject
Project("{FAE04EC0-301F-11D3-BF4B-00C04F79EFBC}") = "AuthAPI.Application", "AuthAPI.Application\AuthAPI.Application.csproj", "{1C26E6C0-404B-49BD-BEED-65E16FA271A5}"
EndProject
Project("{FAE04EC0-301F-11D3-BF4B-00C04F79EFBC}") = "AuthAPI.Domain", "AuthAPI.Domain\AuthAPI.Domain.csproj", "{907F5BE9-D2CD-4687-A076-C2D744E88AE4}"
EndProject
Project("{FAE04EC0-301F-11D3-BF4B-00C04F79EFBC}") = "AuthAPI.Tests", "AuthAPI.Tests\AuthAPI.Tests.csproj", "{EA2FEF87-DB1F-42F0-A781-F9791452C4F8}"
EndProject
Project("{FAE04EC0-301F-11D3-BF4B-00C04F79EFBC}") = "AuthAPI.DAL", "AuthAPI.DAL\AuthAPI.DAL.csproj", "{D20676B1-F87B-4962-B659-9275D24A3EDB}"
EndProject
Project("{FAE04EC0-301F-11D3-BF4B-00C04F79EFBC}") = "AuthAPI.Api", "AuthAPI.Api\AuthAPI.Api.csproj", "{E1A15616-CECF-4873-9FCD-030E034B7E1E}"
EndProject
Project("{2150E333-8FDC-42A3-9474-1A3956D46DE8}") = "Solution Items", "Solution Items", "{45F1D050-AB98-4D01-B46B-369B2707DC74}"
	ProjectSection(SolutionItems) = preProject
		compose.yaml = compose.yaml
	EndProjectSection
EndProject
Global
	GlobalSection(SolutionConfigurationPlatforms) = preSolution
		Debug|Any CPU = Debug|Any CPU
		Release|Any CPU = Release|Any CPU
	EndGlobalSection
	GlobalSection(NestedProjects) = preSolution
		{6467E010-7771-4445-8784-A9364E5695FD} = {3EF269D6-0BF1-4E7A-9523-3ECFDD29D986}
		{A1F5B080-B5F2-49C9-AFFD-BCCFF85A43DF} = {ED76084A-DA97-44CE-B5AC-6C7C8D511AA3}
		{1C26E6C0-404B-49BD-BEED-65E16FA271A5} = {A271443F-43FD-42B9-B686-571E54A8A312}
		{907F5BE9-D2CD-4687-A076-C2D744E88AE4} = {A271443F-43FD-42B9-B686-571E54A8A312}
		{EA2FEF87-DB1F-42F0-A781-F9791452C4F8} = {1B318B3D-A492-412F-919E-E2AA59484C74}
		{D20676B1-F87B-4962-B659-9275D24A3EDB} = {D7B67858-6A8E-455F-AD42-898EC6CEC195}
		{E1A15616-CECF-4873-9FCD-030E034B7E1E} = {E650EDB8-BBB0-48C9-AA04-F437893D613F}
	EndGlobalSection
	GlobalSection(ProjectConfigurationPlatforms) = postSolution
		{6467E010-7771-4445-8784-A9364E5695FD}.Debug|Any CPU.ActiveCfg = Debug|Any CPU
		{6467E010-7771-4445-8784-A9364E5695FD}.Release|Any CPU.ActiveCfg = Release|Any CPU
		{6467E010-7771-4445-8784-A9364E5695FD}.Debug|Any CPU.Build.0 = Debug|Any CPU
		{6467E010-7771-4445-8784-A9364E5695FD}.Release|Any CPU.Build.0 = Release|Any CPU
		{A1F5B080-B5F2-49C9-AFFD-BCCFF85A43DF}.Debug|Any CPU.ActiveCfg = Debug|Any CPU
		{A1F5B080-B5F2-49C9-AFFD-BCCFF85A43DF}.Release|Any CPU.ActiveCfg = Release|Any CPU
		{A1F5B080-B5F2-49C9-AFFD-BCCFF85A43DF}.Debug|Any CPU.Build.0 = Debug|Any CPU
		{A1F5B080-B5F2-49C9-AFFD-BCCFF85A43DF}.Release|Any CPU.Build.0 = Release|Any CPU
		{1C26E6C0-404B-49BD-BEED-65E16FA271A5}.Debug|Any CPU.ActiveCfg = Debug|Any CPU
		{1C26E6C0-404B-49BD-BEED-65E16FA271A5}.Release|Any CPU.ActiveCfg = Release|Any CPU
		{1C26E6C0-404B-49BD-BEED-65E16FA271A5}.Debug|Any CPU.Build.0 = Debug|Any CPU
		{1C26E6C0-404B-49BD-BEED-65E16FA271A5}.Release|Any CPU.Build.0 = Release|Any CPU
		{907F5BE9-D2CD-4687-A076-C2D744E88AE4}.Debug|Any CPU.ActiveCfg = Debug|Any CPU
		{907F5BE9-D2CD-4687-A076-C2D744E88AE4}.Release|Any CPU.ActiveCfg = Release|Any CPU
		{907F5BE9-D2CD-4687-A076-C2D744E88AE4}.Debug|Any CPU.Build.0 = Debug|Any CPU
		{907F5BE9-D2CD-4687-A076-C2D744E88AE4}.Release|Any CPU.Build.0 = Release|Any CPU
		{EA2FEF87-DB1F-42F0-A781-F9791452C4F8}.Debug|Any CPU.ActiveCfg = Debug|Any CPU
		{EA2FEF87-DB1F-42F0-A781-F9791452C4F8}.Release|Any CPU.ActiveCfg = Release|Any CPU
		{EA2FEF87-DB1F-42F0-A781-F9791452C4F8}.Debug|Any CPU.Build.0 = Debug|Any CPU
		{EA2FEF87-DB1F-42F0-A781-F9791452C4F8}.Release|Any CPU.Build.0 = Release|Any CPU
		{D20676B1-F87B-4962-B659-9275D24A3EDB}.Debug|Any CPU.ActiveCfg = Debug|Any CPU
		{D20676B1-F87B-4962-B659-9275D24A3EDB}.Release|Any CPU.ActiveCfg = Release|Any CPU
		{D20676B1-F87B-4962-B659-9275D24A3EDB}.Debug|Any CPU.Build.0 = Debug|Any CPU
		{D20676B1-F87B-4962-B659-9275D24A3EDB}.Release|Any CPU.Build.0 = Release|Any CPU
		{E1A15616-CECF-4873-9FCD-030E034B7E1E}.Debug|Any CPU.ActiveCfg = Debug|Any CPU
		{E1A15616-CECF-4873-9FCD-030E034B7E1E}.Debug|Any CPU.Build.0 = Debug|Any CPU
		{E1A15616-CECF-4873-9FCD-030E034B7E1E}.Release|Any CPU.ActiveCfg = Release|Any CPU
		{E1A15616-CECF-4873-9FCD-030E034B7E1E}.Release|Any CPU.Build.0 = Release|Any CPU
	EndGlobalSection
EndGlobal
